// !$*UTF8*$!
{
	archiveVersion = 1;
	classes = {
	};
	objectVersion = 56;
	objects = {

/* Begin PBXBuildFile section */
		100000000000000000000001 /* QrecsApp.swift in Sources */ = {isa = PBXBuildFile; fileRef = 200000000000000000000001 /* QrecsApp.swift */; };
		100000000000000000000002 /* RootView.swift in Sources */ = {isa = PBXBuildFile; fileRef = 200000000000000000000002 /* RootView.swift */; };
		100000000000000000000003 /* SettingsView.swift in Sources */ = {isa = PBXBuildFile; fileRef = 200000000000000000000003 /* SettingsView.swift */; };
		100000000000000000000004 /* Assets.xcassets in Resources */ = {isa = PBXBuildFile; fileRef = 200000000000000000000004 /* Assets.xcassets */; };
		100000000000000000000005 /* RootConfigurationTests.swift in Sources */ = {isa = PBXBuildFile; fileRef = 200000000000000000000006 /* RootConfigurationTests.swift */; };
		100000000000000000000006 /* QrecsUITests.swift in Sources */ = {isa = PBXBuildFile; fileRef = 200000000000000000000008 /* QrecsUITests.swift */; };
		100000000000000000000007 /* GRDB in Frameworks */ = {isa = PBXBuildFile; productRef = D00000000000000000000001 /* GRDB */; };
		100000000000000000000008 /* RootConfiguration.swift in Sources */ = {isa = PBXBuildFile; fileRef = 20000000000000000000000B /* RootConfiguration.swift */; };
		100000000000000000000009 /* CatalogRepositoryTests.swift in Sources */ = {isa = PBXBuildFile; fileRef = 20000000000000000000000C /* CatalogRepositoryTests.swift */; };
		10000000000000000000000A /* Reciter.swift in Sources */ = {isa = PBXBuildFile; fileRef = 20000000000000000000000D /* Reciter.swift */; };
		10000000000000000000000B /* Surah.swift in Sources */ = {isa = PBXBuildFile; fileRef = 20000000000000000000000E /* Surah.swift */; };
		10000000000000000000000C /* Track.swift in Sources */ = {isa = PBXBuildFile; fileRef = 20000000000000000000000F /* Track.swift */; };
		10000000000000000000000D /* CatalogRepository.swift in Sources */ = {isa = PBXBuildFile; fileRef = 200000000000000000000010 /* CatalogRepository.swift */; };
		10000000000000000000000E /* GRDBCatalogRepository.swift in Sources */ = {isa = PBXBuildFile; fileRef = 200000000000000000000011 /* GRDBCatalogRepository.swift */; };
		10000000000000000000000F /* catalog.sqlite in Resources */ = {isa = PBXBuildFile; fileRef = 200000000000000000000012 /* catalog.sqlite */; };
		110000000000000000000001 /* AppPathsAndOfflinePolicyTests.swift in Sources */ = {isa = PBXBuildFile; fileRef = 210000000000000000000001 /* AppPathsAndOfflinePolicyTests.swift */; };
		110000000000000000000002 /* UserLibraryRepositoryTests.swift in Sources */ = {isa = PBXBuildFile; fileRef = 210000000000000000000002 /* UserLibraryRepositoryTests.swift */; };
		110000000000000000000003 /* DownloadClientTests.swift in Sources */ = {isa = PBXBuildFile; fileRef = 210000000000000000000003 /* DownloadClientTests.swift */; };
		110000000000000000000004 /* CacheManagerTests.swift in Sources */ = {isa = PBXBuildFile; fileRef = 210000000000000000000004 /* CacheManagerTests.swift */; };
		110000000000000000000005 /* AppPaths.swift in Sources */ = {isa = PBXBuildFile; fileRef = 210000000000000000000005 /* AppPaths.swift */; };
		110000000000000000000006 /* CachedDownload.swift in Sources */ = {isa = PBXBuildFile; fileRef = 210000000000000000000006 /* CachedDownload.swift */; };
		110000000000000000000007 /* CacheState.swift in Sources */ = {isa = PBXBuildFile; fileRef = 210000000000000000000007 /* CacheState.swift */; };
		110000000000000000000008 /* UserLibraryRepository.swift in Sources */ = {isa = PBXBuildFile; fileRef = 210000000000000000000008 /* UserLibraryRepository.swift */; };
		110000000000000000000009 /* GRDBUserLibraryRepository.swift in Sources */ = {isa = PBXBuildFile; fileRef = 210000000000000000000009 /* GRDBUserLibraryRepository.swift */; };
		11000000000000000000000A /* DownloadClient.swift in Sources */ = {isa = PBXBuildFile; fileRef = 21000000000000000000000A /* DownloadClient.swift */; };
		11000000000000000000000B /* NetworkMonitoring.swift in Sources */ = {isa = PBXBuildFile; fileRef = 21000000000000000000000B /* NetworkMonitoring.swift */; };
		11000000000000000000000C /* CacheManaging.swift in Sources */ = {isa = PBXBuildFile; fileRef = 21000000000000000000000C /* CacheManaging.swift */; };
		11000000000000000000000D /* CacheManager.swift in Sources */ = {isa = PBXBuildFile; fileRef = 21000000000000000000000D /* CacheManager.swift */; };
		120000000000000000000001 /* PlayerTests.swift in Sources */ = {isa = PBXBuildFile; fileRef = 220000000000000000000001 /* PlayerTests.swift */; };
		120000000000000000000002 /* AmbientMixerTests.swift in Sources */ = {isa = PBXBuildFile; fileRef = 220000000000000000000002 /* AmbientMixerTests.swift */; };
		120000000000000000000003 /* AmbientResourceTests.swift in Sources */ = {isa = PBXBuildFile; fileRef = 220000000000000000000003 /* AmbientResourceTests.swift */; };
		120000000000000000000101 /* AmbientSound.swift in Sources */ = {isa = PBXBuildFile; fileRef = 220000000000000000000101 /* AmbientSound.swift */; };
		120000000000000000000102 /* PlayerState.swift in Sources */ = {isa = PBXBuildFile; fileRef = 220000000000000000000102 /* PlayerState.swift */; };
		120000000000000000000103 /* AmbientMixing.swift in Sources */ = {isa = PBXBuildFile; fileRef = 220000000000000000000103 /* AmbientMixing.swift */; };
		120000000000000000000104 /* AmbientMixer.swift in Sources */ = {isa = PBXBuildFile; fileRef = 220000000000000000000104 /* AmbientMixer.swift */; };
		120000000000000000000105 /* QuranPlaying.swift in Sources */ = {isa = PBXBuildFile; fileRef = 220000000000000000000105 /* QuranPlaying.swift */; };
		120000000000000000000106 /* QuranPlayer.swift in Sources */ = {isa = PBXBuildFile; fileRef = 220000000000000000000106 /* QuranPlayer.swift */; };
		120000000000000000000107 /* AVPlayerAudioBackend.swift in Sources */ = {isa = PBXBuildFile; fileRef = 220000000000000000000107 /* AVPlayerAudioBackend.swift */; };
		120000000000000000000108 /* AVAudioEngineAmbientBackend.swift in Sources */ = {isa = PBXBuildFile; fileRef = 220000000000000000000108 /* AVAudioEngineAmbientBackend.swift */; };
		120000000000000000000201 /* fire.mp3 in Resources */ = {isa = PBXBuildFile; fileRef = 220000000000000000000201 /* fire.mp3 */; };
		120000000000000000000202 /* birds.mp3 in Resources */ = {isa = PBXBuildFile; fileRef = 220000000000000000000202 /* birds.mp3 */; };
		120000000000000000000203 /* rain.mp3 in Resources */ = {isa = PBXBuildFile; fileRef = 220000000000000000000203 /* rain.mp3 */; };
		120000000000000000000204 /* waterfall.mp3 in Resources */ = {isa = PBXBuildFile; fileRef = 220000000000000000000204 /* waterfall.mp3 */; };
		120000000000000000000205 /* THIRD_PARTY_NOTICES in Resources */ = {isa = PBXBuildFile; fileRef = 220000000000000000000205 /* THIRD_PARTY_NOTICES */; };
		130000000000000000000001 /* LibraryPresentationTests.swift in Sources */ = {isa = PBXBuildFile; fileRef = 230000000000000000000001 /* LibraryPresentationTests.swift */; };
		130000000000000000000002 /* AppSettings.swift in Sources */ = {isa = PBXBuildFile; fileRef = 230000000000000000000002 /* AppSettings.swift */; };
		130000000000000000000003 /* LibraryProjection.swift in Sources */ = {isa = PBXBuildFile; fileRef = 230000000000000000000003 /* LibraryProjection.swift */; };
		130000000000000000000004 /* LibraryStoreTests.swift in Sources */ = {isa = PBXBuildFile; fileRef = 230000000000000000000004 /* LibraryStoreTests.swift */; };
		130000000000000000000005 /* LibraryStore.swift in Sources */ = {isa = PBXBuildFile; fileRef = 230000000000000000000005 /* LibraryStore.swift */; };
		130000000000000000000006 /* Localization.swift in Sources */ = {isa = PBXBuildFile; fileRef = 230000000000000000000006 /* Localization.swift */; };
		130000000000000000000007 /* Localizable.xcstrings in Resources */ = {isa = PBXBuildFile; fileRef = 230000000000000000000007 /* Localizable.xcstrings */; };
		130000000000000000000008 /* AppContainer.swift in Sources */ = {isa = PBXBuildFile; fileRef = 230000000000000000000008 /* AppContainer.swift */; };
		130000000000000000000009 /* GlassSurface.swift in Sources */ = {isa = PBXBuildFile; fileRef = 230000000000000000000009 /* GlassSurface.swift */; };
		13000000000000000000000A /* PlaybackCommands.swift in Sources */ = {isa = PBXBuildFile; fileRef = 23000000000000000000000A /* PlaybackCommands.swift */; };
		13000000000000000000000B /* LibraryRootView.swift in Sources */ = {isa = PBXBuildFile; fileRef = 23000000000000000000000B /* LibraryRootView.swift */; };
		13000000000000000000000C /* ReciterSidebarView.swift in Sources */ = {isa = PBXBuildFile; fileRef = 23000000000000000000000C /* ReciterSidebarView.swift */; };
		13000000000000000000000D /* TrackTableView.swift in Sources */ = {isa = PBXBuildFile; fileRef = 23000000000000000000000D /* TrackTableView.swift */; };
		13000000000000000000000E /* AmbientSoundsView.swift in Sources */ = {isa = PBXBuildFile; fileRef = 23000000000000000000000E /* AmbientSoundsView.swift */; };
		13000000000000000000000F /* MiniPlayerView.swift in Sources */ = {isa = PBXBuildFile; fileRef = 23000000000000000000000F /* MiniPlayerView.swift */; };
/* End PBXBuildFile section */

/* Begin PBXContainerItemProxy section */
		300000000000000000000001 /* PBXContainerItemProxy */ = {
			isa = PBXContainerItemProxy;
			containerPortal = 400000000000000000000001 /* Project object */;
			proxyType = 1;
			remoteGlobalIDString = 500000000000000000000001;
			remoteInfo = Qrecs;
		};
		300000000000000000000002 /* PBXContainerItemProxy */ = {
			isa = PBXContainerItemProxy;
			containerPortal = 400000000000000000000001 /* Project object */;
			proxyType = 1;
			remoteGlobalIDString = 500000000000000000000001;
			remoteInfo = Qrecs;
		};
/* End PBXContainerItemProxy section */

/* Begin PBXFileReference section */
		200000000000000000000001 /* QrecsApp.swift */ = {isa = PBXFileReference; lastKnownFileType = sourcecode.swift; path = QrecsApp.swift; sourceTree = "<group>"; };
		200000000000000000000002 /* RootView.swift */ = {isa = PBXFileReference; lastKnownFileType = sourcecode.swift; path = RootView.swift; sourceTree = "<group>"; };
		200000000000000000000003 /* SettingsView.swift */ = {isa = PBXFileReference; lastKnownFileType = sourcecode.swift; path = SettingsView.swift; sourceTree = "<group>"; };
		200000000000000000000004 /* Assets.xcassets */ = {isa = PBXFileReference; lastKnownFileType = folder.assetcatalog; path = Assets.xcassets; sourceTree = "<group>"; };
		200000000000000000000005 /* Qrecs.entitlements */ = {isa = PBXFileReference; lastKnownFileType = text.plist.entitlements; path = Qrecs.entitlements; sourceTree = "<group>"; };
		200000000000000000000006 /* RootConfigurationTests.swift */ = {isa = PBXFileReference; lastKnownFileType = sourcecode.swift; path = RootConfigurationTests.swift; sourceTree = "<group>"; };
		200000000000000000000007 /* Qrecs.app */ = {isa = PBXFileReference; explicitFileType = wrapper.application; includeInIndex = 0; path = Qrecs.app; sourceTree = BUILT_PRODUCTS_DIR; };
		200000000000000000000008 /* QrecsUITests.swift */ = {isa = PBXFileReference; lastKnownFileType = sourcecode.swift; path = QrecsUITests.swift; sourceTree = "<group>"; };
		200000000000000000000009 /* QrecsTests.xctest */ = {isa = PBXFileReference; explicitFileType = wrapper.cfbundle; includeInIndex = 0; path = QrecsTests.xctest; sourceTree = BUILT_PRODUCTS_DIR; };
		20000000000000000000000A /* QrecsUITests.xctest */ = {isa = PBXFileReference; explicitFileType = wrapper.cfbundle; includeInIndex = 0; path = QrecsUITests.xctest; sourceTree = BUILT_PRODUCTS_DIR; };
		20000000000000000000000B /* RootConfiguration.swift */ = {isa = PBXFileReference; lastKnownFileType = sourcecode.swift; path = RootConfiguration.swift; sourceTree = "<group>"; };
		20000000000000000000000C /* CatalogRepositoryTests.swift */ = {isa = PBXFileReference; lastKnownFileType = sourcecode.swift; path = CatalogRepositoryTests.swift; sourceTree = "<group>"; };
		20000000000000000000000D /* Reciter.swift */ = {isa = PBXFileReference; lastKnownFileType = sourcecode.swift; path = Reciter.swift; sourceTree = "<group>"; };
		20000000000000000000000E /* Surah.swift */ = {isa = PBXFileReference; lastKnownFileType = sourcecode.swift; path = Surah.swift; sourceTree = "<group>"; };
		20000000000000000000000F /* Track.swift */ = {isa = PBXFileReference; lastKnownFileType = sourcecode.swift; path = Track.swift; sourceTree = "<group>"; };
		200000000000000000000010 /* CatalogRepository.swift */ = {isa = PBXFileReference; lastKnownFileType = sourcecode.swift; path = CatalogRepository.swift; sourceTree = "<group>"; };
		200000000000000000000011 /* GRDBCatalogRepository.swift */ = {isa = PBXFileReference; lastKnownFileType = sourcecode.swift; path = GRDBCatalogRepository.swift; sourceTree = "<group>"; };
		200000000000000000000012 /* catalog.sqlite */ = {isa = PBXFileReference; lastKnownFileType = file; path = catalog.sqlite; sourceTree = "<group>"; };
		210000000000000000000001 /* AppPathsAndOfflinePolicyTests.swift */ = {isa = PBXFileReference; lastKnownFileType = sourcecode.swift; path = AppPathsAndOfflinePolicyTests.swift; sourceTree = "<group>"; };
		210000000000000000000002 /* UserLibraryRepositoryTests.swift */ = {isa = PBXFileReference; lastKnownFileType = sourcecode.swift; path = UserLibraryRepositoryTests.swift; sourceTree = "<group>"; };
		210000000000000000000003 /* DownloadClientTests.swift */ = {isa = PBXFileReference; lastKnownFileType = sourcecode.swift; path = DownloadClientTests.swift; sourceTree = "<group>"; };
		210000000000000000000004 /* CacheManagerTests.swift */ = {isa = PBXFileReference; lastKnownFileType = sourcecode.swift; path = CacheManagerTests.swift; sourceTree = "<group>"; };
		210000000000000000000005 /* AppPaths.swift */ = {isa = PBXFileReference; lastKnownFileType = sourcecode.swift; path = AppPaths.swift; sourceTree = "<group>"; };
		210000000000000000000006 /* CachedDownload.swift */ = {isa = PBXFileReference; lastKnownFileType = sourcecode.swift; path = CachedDownload.swift; sourceTree = "<group>"; };
		210000000000000000000007 /* CacheState.swift */ = {isa = PBXFileReference; lastKnownFileType = sourcecode.swift; path = CacheState.swift; sourceTree = "<group>"; };
		210000000000000000000008 /* UserLibraryRepository.swift */ = {isa = PBXFileReference; lastKnownFileType = sourcecode.swift; path = UserLibraryRepository.swift; sourceTree = "<group>"; };
		210000000000000000000009 /* GRDBUserLibraryRepository.swift */ = {isa = PBXFileReference; lastKnownFileType = sourcecode.swift; path = GRDBUserLibraryRepository.swift; sourceTree = "<group>"; };
		21000000000000000000000A /* DownloadClient.swift */ = {isa = PBXFileReference; lastKnownFileType = sourcecode.swift; path = DownloadClient.swift; sourceTree = "<group>"; };
		21000000000000000000000B /* NetworkMonitoring.swift */ = {isa = PBXFileReference; lastKnownFileType = sourcecode.swift; path = NetworkMonitoring.swift; sourceTree = "<group>"; };
		21000000000000000000000C /* CacheManaging.swift */ = {isa = PBXFileReference; lastKnownFileType = sourcecode.swift; path = CacheManaging.swift; sourceTree = "<group>"; };
		21000000000000000000000D /* CacheManager.swift */ = {isa = PBXFileReference; lastKnownFileType = sourcecode.swift; path = CacheManager.swift; sourceTree = "<group>"; };
		220000000000000000000001 /* PlayerTests.swift */ = {isa = PBXFileReference; lastKnownFileType = sourcecode.swift; path = PlayerTests.swift; sourceTree = "<group>"; };
		220000000000000000000002 /* AmbientMixerTests.swift */ = {isa = PBXFileReference; lastKnownFileType = sourcecode.swift; path = AmbientMixerTests.swift; sourceTree = "<group>"; };
		220000000000000000000003 /* AmbientResourceTests.swift */ = {isa = PBXFileReference; lastKnownFileType = sourcecode.swift; path = AmbientResourceTests.swift; sourceTree = "<group>"; };
		220000000000000000000101 /* AmbientSound.swift */ = {isa = PBXFileReference; lastKnownFileType = sourcecode.swift; path = AmbientSound.swift; sourceTree = "<group>"; };
		220000000000000000000102 /* PlayerState.swift */ = {isa = PBXFileReference; lastKnownFileType = sourcecode.swift; path = PlayerState.swift; sourceTree = "<group>"; };
		220000000000000000000103 /* AmbientMixing.swift */ = {isa = PBXFileReference; lastKnownFileType = sourcecode.swift; path = AmbientMixing.swift; sourceTree = "<group>"; };
		220000000000000000000104 /* AmbientMixer.swift */ = {isa = PBXFileReference; lastKnownFileType = sourcecode.swift; path = AmbientMixer.swift; sourceTree = "<group>"; };
		220000000000000000000105 /* QuranPlaying.swift */ = {isa = PBXFileReference; lastKnownFileType = sourcecode.swift; path = QuranPlaying.swift; sourceTree = "<group>"; };
		220000000000000000000106 /* QuranPlayer.swift */ = {isa = PBXFileReference; lastKnownFileType = sourcecode.swift; path = QuranPlayer.swift; sourceTree = "<group>"; };
		220000000000000000000107 /* AVPlayerAudioBackend.swift */ = {isa = PBXFileReference; lastKnownFileType = sourcecode.swift; path = AVPlayerAudioBackend.swift; sourceTree = "<group>"; };
		220000000000000000000108 /* AVAudioEngineAmbientBackend.swift */ = {isa = PBXFileReference; lastKnownFileType = sourcecode.swift; path = AVAudioEngineAmbientBackend.swift; sourceTree = "<group>"; };
		220000000000000000000201 /* fire.mp3 */ = {isa = PBXFileReference; lastKnownFileType = audio.mp3; path = fire.mp3; sourceTree = "<group>"; };
		220000000000000000000202 /* birds.mp3 */ = {isa = PBXFileReference; lastKnownFileType = audio.mp3; path = birds.mp3; sourceTree = "<group>"; };
		220000000000000000000203 /* rain.mp3 */ = {isa = PBXFileReference; lastKnownFileType = audio.mp3; path = rain.mp3; sourceTree = "<group>"; };
		220000000000000000000204 /* waterfall.mp3 */ = {isa = PBXFileReference; lastKnownFileType = audio.mp3; path = waterfall.mp3; sourceTree = "<group>"; };
		220000000000000000000205 /* THIRD_PARTY_NOTICES */ = {isa = PBXFileReference; lastKnownFileType = text; path = THIRD_PARTY_NOTICES; sourceTree = "<group>"; };
		230000000000000000000001 /* LibraryPresentationTests.swift */ = {isa = PBXFileReference; lastKnownFileType = sourcecode.swift; path = LibraryPresentationTests.swift; sourceTree = "<group>"; };
		230000000000000000000002 /* AppSettings.swift */ = {isa = PBXFileReference; lastKnownFileType = sourcecode.swift; path = AppSettings.swift; sourceTree = "<group>"; };
		230000000000000000000003 /* LibraryProjection.swift */ = {isa = PBXFileReference; lastKnownFileType = sourcecode.swift; path = LibraryProjection.swift; sourceTree = "<group>"; };
		230000000000000000000004 /* LibraryStoreTests.swift */ = {isa = PBXFileReference; lastKnownFileType = sourcecode.swift; path = LibraryStoreTests.swift; sourceTree = "<group>"; };
		230000000000000000000005 /* LibraryStore.swift */ = {isa = PBXFileReference; lastKnownFileType = sourcecode.swift; path = LibraryStore.swift; sourceTree = "<group>"; };
		230000000000000000000006 /* Localization.swift */ = {isa = PBXFileReference; lastKnownFileType = sourcecode.swift; path = Localization.swift; sourceTree = "<group>"; };
		230000000000000000000007 /* Localizable.xcstrings */ = {isa = PBXFileReference; lastKnownFileType = text.json.xcstrings; path = Localizable.xcstrings; sourceTree = "<group>"; };
		230000000000000000000008 /* AppContainer.swift */ = {isa = PBXFileReference; lastKnownFileType = sourcecode.swift; path = AppContainer.swift; sourceTree = "<group>"; };
		230000000000000000000009 /* GlassSurface.swift */ = {isa = PBXFileReference; lastKnownFileType = sourcecode.swift; path = GlassSurface.swift; sourceTree = "<group>"; };
		23000000000000000000000A /* PlaybackCommands.swift */ = {isa = PBXFileReference; lastKnownFileType = sourcecode.swift; path = PlaybackCommands.swift; sourceTree = "<group>"; };
		23000000000000000000000B /* LibraryRootView.swift */ = {isa = PBXFileReference; lastKnownFileType = sourcecode.swift; path = LibraryRootView.swift; sourceTree = "<group>"; };
		23000000000000000000000C /* ReciterSidebarView.swift */ = {isa = PBXFileReference; lastKnownFileType = sourcecode.swift; path = ReciterSidebarView.swift; sourceTree = "<group>"; };
		23000000000000000000000D /* TrackTableView.swift */ = {isa = PBXFileReference; lastKnownFileType = sourcecode.swift; path = TrackTableView.swift; sourceTree = "<group>"; };
		23000000000000000000000E /* AmbientSoundsView.swift */ = {isa = PBXFileReference; lastKnownFileType = sourcecode.swift; path = AmbientSoundsView.swift; sourceTree = "<group>"; };
		23000000000000000000000F /* MiniPlayerView.swift */ = {isa = PBXFileReference; lastKnownFileType = sourcecode.swift; path = MiniPlayerView.swift; sourceTree = "<group>"; };
/* End PBXFileReference section */

/* Begin PBXFrameworksBuildPhase section */
		600000000000000000000001 /* Frameworks */ = {
			isa = PBXFrameworksBuildPhase;
			buildActionMask = 2147483647;
			files = (
				100000000000000000000007 /* GRDB in Frameworks */,
			);
			runOnlyForDeploymentPostprocessing = 0;
		};
		600000000000000000000002 /* Frameworks */ = {
			isa = PBXFrameworksBuildPhase;
			buildActionMask = 2147483647;
			files = (
			);
			runOnlyForDeploymentPostprocessing = 0;
		};
		600000000000000000000003 /* Frameworks */ = {
			isa = PBXFrameworksBuildPhase;
			buildActionMask = 2147483647;
			files = (
			);
			runOnlyForDeploymentPostprocessing = 0;
		};
/* End PBXFrameworksBuildPhase section */

/* Begin PBXGroup section */
		700000000000000000000001 = {
			isa = PBXGroup;
			children = (
				700000000000000000000002 /* Qrecs */,
				70000000000000000000000B /* QrecsTests */,
				70000000000000000000000C /* QrecsUITests */,
				220000000000000000000205 /* THIRD_PARTY_NOTICES */,
				70000000000000000000000D /* Products */,
			);
			sourceTree = "<group>";
		};
		700000000000000000000002 /* Qrecs */ = {
			isa = PBXGroup;
			children = (
				700000000000000000000003 /* App */,
				700000000000000000000004 /* Features */,
				700000000000000000000007 /* Models */,
				700000000000000000000008 /* Services */,
				700000000000000000000009 /* Stores */,
				70000000000000000000000A /* Support */,
				700000000000000000000006 /* Resources */,
				200000000000000000000005 /* Qrecs.entitlements */,
			);
			path = Qrecs;
			sourceTree = "<group>";
		};
		700000000000000000000003 /* App */ = {
			isa = PBXGroup;
			children = (
				230000000000000000000008 /* AppContainer.swift */,
				200000000000000000000001 /* QrecsApp.swift */,
			);
			path = App;
			sourceTree = "<group>";
		};
		700000000000000000000004 /* Features */ = {
			isa = PBXGroup;
			children = (
				730000000000000000000001 /* Library */,
				730000000000000000000002 /* Player */,
				730000000000000000000003 /* Shared */,
				700000000000000000000005 /* Shell */,
				70000000000000000000000E /* Settings */,
			);
			path = Features;
			sourceTree = "<group>";
		};
		730000000000000000000001 /* Library */ = {
			isa = PBXGroup;
			children = (
				23000000000000000000000B /* LibraryRootView.swift */,
				23000000000000000000000C /* ReciterSidebarView.swift */,
				23000000000000000000000D /* TrackTableView.swift */,
			);
			path = Library;
			sourceTree = "<group>";
		};
		730000000000000000000002 /* Player */ = {
			isa = PBXGroup;
			children = (
				23000000000000000000000E /* AmbientSoundsView.swift */,
				23000000000000000000000F /* MiniPlayerView.swift */,
			);
			path = Player;
			sourceTree = "<group>";
		};
		730000000000000000000003 /* Shared */ = {
			isa = PBXGroup;
			children = (
				230000000000000000000009 /* GlassSurface.swift */,
				23000000000000000000000A /* PlaybackCommands.swift */,
			);
			path = Shared;
			sourceTree = "<group>";
		};
		700000000000000000000005 /* Shell */ = {
			isa = PBXGroup;
			children = (
				200000000000000000000002 /* RootView.swift */,
			);
			path = Shell;
			sourceTree = "<group>";
		};
		70000000000000000000000E /* Settings */ = {
			isa = PBXGroup;
			children = (
				200000000000000000000003 /* SettingsView.swift */,
			);
			path = Settings;
			sourceTree = "<group>";
		};
		700000000000000000000006 /* Resources */ = {
			isa = PBXGroup;
			children = (
				230000000000000000000007 /* Localizable.xcstrings */,
				200000000000000000000004 /* Assets.xcassets */,
				720000000000000000000001 /* Ambient */,
				70000000000000000000000F /* Catalog */,
			);
			path = Resources;
			sourceTree = "<group>";
		};
		700000000000000000000007 /* Models */ = {
			isa = PBXGroup;
			children = (
				230000000000000000000002 /* AppSettings.swift */,
				220000000000000000000101 /* AmbientSound.swift */,
				210000000000000000000006 /* CachedDownload.swift */,
				210000000000000000000007 /* CacheState.swift */,
				20000000000000000000000D /* Reciter.swift */,
				20000000000000000000000E /* Surah.swift */,
				20000000000000000000000F /* Track.swift */,
				220000000000000000000102 /* PlayerState.swift */,
			);
			path = Models;
			sourceTree = "<group>";
		};
		700000000000000000000008 /* Services */ = {
			isa = PBXGroup;
			children = (
				220000000000000000000108 /* AVAudioEngineAmbientBackend.swift */,
				220000000000000000000107 /* AVPlayerAudioBackend.swift */,
				220000000000000000000104 /* AmbientMixer.swift */,
				220000000000000000000103 /* AmbientMixing.swift */,
				21000000000000000000000C /* CacheManaging.swift */,
				21000000000000000000000D /* CacheManager.swift */,
				200000000000000000000010 /* CatalogRepository.swift */,
				200000000000000000000011 /* GRDBCatalogRepository.swift */,
				21000000000000000000000A /* DownloadClient.swift */,
				210000000000000000000009 /* GRDBUserLibraryRepository.swift */,
				21000000000000000000000B /* NetworkMonitoring.swift */,
				220000000000000000000106 /* QuranPlayer.swift */,
				220000000000000000000105 /* QuranPlaying.swift */,
				210000000000000000000008 /* UserLibraryRepository.swift */,
			);
			path = Services;
			sourceTree = "<group>";
		};
		700000000000000000000009 /* Stores */ = {
			isa = PBXGroup;
			children = (
				230000000000000000000005 /* LibraryStore.swift */,
			);
			path = Stores;
			sourceTree = "<group>";
		};
		70000000000000000000000A /* Support */ = {
			isa = PBXGroup;
			children = (
				230000000000000000000006 /* Localization.swift */,
				230000000000000000000003 /* LibraryProjection.swift */,
				210000000000000000000005 /* AppPaths.swift */,
				20000000000000000000000B /* RootConfiguration.swift */,
			);
			path = Support;
			sourceTree = "<group>";
		};
		70000000000000000000000B /* QrecsTests */ = {
			isa = PBXGroup;
			children = (
				230000000000000000000004 /* LibraryStoreTests.swift */,
				230000000000000000000001 /* LibraryPresentationTests.swift */,
				220000000000000000000002 /* AmbientMixerTests.swift */,
				220000000000000000000003 /* AmbientResourceTests.swift */,
				210000000000000000000001 /* AppPathsAndOfflinePolicyTests.swift */,
				210000000000000000000004 /* CacheManagerTests.swift */,
				20000000000000000000000C /* CatalogRepositoryTests.swift */,
				210000000000000000000003 /* DownloadClientTests.swift */,
				220000000000000000000001 /* PlayerTests.swift */,
				200000000000000000000006 /* RootConfigurationTests.swift */,
				210000000000000000000002 /* UserLibraryRepositoryTests.swift */,
			);
			path = QrecsTests;
			sourceTree = "<group>";
		};
		70000000000000000000000C /* QrecsUITests */ = {
			isa = PBXGroup;
			children = (
				200000000000000000000008 /* QrecsUITests.swift */,
			);
			path = QrecsUITests;
			sourceTree = "<group>";
		};
		70000000000000000000000D /* Products */ = {
			isa = PBXGroup;
			children = (
				200000000000000000000007 /* Qrecs.app */,
				200000000000000000000009 /* QrecsTests.xctest */,
				20000000000000000000000A /* QrecsUITests.xctest */,
			);
			name = Products;
			sourceTree = "<group>";
		};
		70000000000000000000000F /* Catalog */ = {
			isa = PBXGroup;
			children = (
				200000000000000000000012 /* catalog.sqlite */,
			);
			path = Catalog;
			sourceTree = "<group>";
		};
		720000000000000000000001 /* Ambient */ = {
			isa = PBXGroup;
			children = (
				220000000000000000000202 /* birds.mp3 */,
				220000000000000000000201 /* fire.mp3 */,
				220000000000000000000203 /* rain.mp3 */,
				220000000000000000000204 /* waterfall.mp3 */,
			);
			path = Ambient;
			sourceTree = "<group>";
		};
/* End PBXGroup section */

/* Begin PBXNativeTarget section */
		500000000000000000000001 /* Qrecs */ = {
			isa = PBXNativeTarget;
			buildConfigurationList = 800000000000000000000002 /* Build configuration list for PBXNativeTarget "Qrecs" */;
			buildPhases = (
				900000000000000000000001 /* Sources */,
				600000000000000000000001 /* Frameworks */,
				A00000000000000000000001 /* Resources */,
			);
			buildRules = (
			);
			dependencies = (
			);
			name = Qrecs;
			packageProductDependencies = (
				D00000000000000000000001 /* GRDB */,
			);
			productName = Qrecs;
			productReference = 200000000000000000000007 /* Qrecs.app */;
			productType = "com.apple.product-type.application";
		};
		500000000000000000000002 /* QrecsTests */ = {
			isa = PBXNativeTarget;
			buildConfigurationList = 800000000000000000000003 /* Build configuration list for PBXNativeTarget "QrecsTests" */;
			buildPhases = (
				900000000000000000000002 /* Sources */,
				600000000000000000000002 /* Frameworks */,
				A00000000000000000000002 /* Resources */,
			);
			buildRules = (
			);
			dependencies = (
				B00000000000000000000001 /* PBXTargetDependency */,
			);
			name = QrecsTests;
			productName = QrecsTests;
			productReference = 200000000000000000000009 /* QrecsTests.xctest */;
			productType = "com.apple.product-type.bundle.unit-test";
		};
		500000000000000000000003 /* QrecsUITests */ = {
			isa = PBXNativeTarget;
			buildConfigurationList = 800000000000000000000004 /* Build configuration list for PBXNativeTarget "QrecsUITests" */;
			buildPhases = (
				900000000000000000000003 /* Sources */,
				600000000000000000000003 /* Frameworks */,
				A00000000000000000000003 /* Resources */,
			);
			buildRules = (
			);
			dependencies = (
				B00000000000000000000002 /* PBXTargetDependency */,
			);
			name = QrecsUITests;
			productName = QrecsUITests;
			productReference = 20000000000000000000000A /* QrecsUITests.xctest */;
			productType = "com.apple.product-type.bundle.ui-testing";
		};
/* End PBXNativeTarget section */

/* Begin PBXProject section */
		400000000000000000000001 /* Project object */ = {
			isa = PBXProject;
			attributes = {
				BuildIndependentTargetsInParallel = 1;
				LastSwiftUpdateCheck = 2640;
				LastUpgradeCheck = 2640;
				TargetAttributes = {
					500000000000000000000001 = {CreatedOnToolsVersion = 26.4; };
					500000000000000000000002 = {CreatedOnToolsVersion = 26.4; TestTargetID = 500000000000000000000001; };
					500000000000000000000003 = {CreatedOnToolsVersion = 26.4; TestTargetID = 500000000000000000000001; };
				};
			};
			buildConfigurationList = 800000000000000000000001 /* Build configuration list for PBXProject "Qrecs" */;
			compatibilityVersion = "Xcode 14.0";
			developmentRegion = en;
			hasScannedForEncodings = 0;
			knownRegions = (
				en,
				ru,
				Base,
			);
			mainGroup = 700000000000000000000001;
			packageReferences = (
				C00000000000000000000001 /* XCRemoteSwiftPackageReference "GRDB.swift" */,
			);
			productRefGroup = 70000000000000000000000D /* Products */;
			projectDirPath = "";
			projectRoot = "";
			targets = (
				500000000000000000000001 /* Qrecs */,
				500000000000000000000002 /* QrecsTests */,
				500000000000000000000003 /* QrecsUITests */,
			);
		};
/* End PBXProject section */

/* Begin PBXResourcesBuildPhase section */
		A00000000000000000000001 /* Resources */ = {
			isa = PBXResourcesBuildPhase;
			buildActionMask = 2147483647;
			files = (
				130000000000000000000007 /* Localizable.xcstrings in Resources */,
				100000000000000000000004 /* Assets.xcassets in Resources */,
				120000000000000000000202 /* birds.mp3 in Resources */,
				10000000000000000000000F /* catalog.sqlite in Resources */,
				120000000000000000000201 /* fire.mp3 in Resources */,
				120000000000000000000203 /* rain.mp3 in Resources */,
				120000000000000000000205 /* THIRD_PARTY_NOTICES in Resources */,
				120000000000000000000204 /* waterfall.mp3 in Resources */,
			);
			runOnlyForDeploymentPostprocessing = 0;
		};
		A00000000000000000000002 /* Resources */ = {isa = PBXResourcesBuildPhase; buildActionMask = 2147483647; files = (); runOnlyForDeploymentPostprocessing = 0; };
		A00000000000000000000003 /* Resources */ = {isa = PBXResourcesBuildPhase; buildActionMask = 2147483647; files = (); runOnlyForDeploymentPostprocessing = 0; };
/* End PBXResourcesBuildPhase section */

/* Begin PBXSourcesBuildPhase section */
		900000000000000000000001 /* Sources */ = {
			isa = PBXSourcesBuildPhase;
			buildActionMask = 2147483647;
			files = (
				130000000000000000000008 /* AppContainer.swift in Sources */,
				13000000000000000000000E /* AmbientSoundsView.swift in Sources */,
				130000000000000000000009 /* GlassSurface.swift in Sources */,
				13000000000000000000000B /* LibraryRootView.swift in Sources */,
				13000000000000000000000F /* MiniPlayerView.swift in Sources */,
				13000000000000000000000A /* PlaybackCommands.swift in Sources */,
				13000000000000000000000C /* ReciterSidebarView.swift in Sources */,
				13000000000000000000000D /* TrackTableView.swift in Sources */,
				130000000000000000000002 /* AppSettings.swift in Sources */,
				120000000000000000000108 /* AVAudioEngineAmbientBackend.swift in Sources */,
				120000000000000000000107 /* AVPlayerAudioBackend.swift in Sources */,
				120000000000000000000104 /* AmbientMixer.swift in Sources */,
				120000000000000000000103 /* AmbientMixing.swift in Sources */,
				120000000000000000000101 /* AmbientSound.swift in Sources */,
				110000000000000000000005 /* AppPaths.swift in Sources */,
				110000000000000000000006 /* CachedDownload.swift in Sources */,
				11000000000000000000000C /* CacheManaging.swift in Sources */,
				11000000000000000000000D /* CacheManager.swift in Sources */,
				110000000000000000000007 /* CacheState.swift in Sources */,
				100000000000000000000001 /* QrecsApp.swift in Sources */,
				10000000000000000000000D /* CatalogRepository.swift in Sources */,
				11000000000000000000000A /* DownloadClient.swift in Sources */,
				10000000000000000000000E /* GRDBCatalogRepository.swift in Sources */,
				110000000000000000000009 /* GRDBUserLibraryRepository.swift in Sources */,
				11000000000000000000000B /* NetworkMonitoring.swift in Sources */,
				130000000000000000000003 /* LibraryProjection.swift in Sources */,
				130000000000000000000006 /* Localization.swift in Sources */,
				130000000000000000000005 /* LibraryStore.swift in Sources */,
				120000000000000000000102 /* PlayerState.swift in Sources */,
				120000000000000000000106 /* QuranPlayer.swift in Sources */,
				120000000000000000000105 /* QuranPlaying.swift in Sources */,
				10000000000000000000000A /* Reciter.swift in Sources */,
				100000000000000000000002 /* RootView.swift in Sources */,
				100000000000000000000003 /* SettingsView.swift in Sources */,
				10000000000000000000000B /* Surah.swift in Sources */,
				10000000000000000000000C /* Track.swift in Sources */,
				110000000000000000000008 /* UserLibraryRepository.swift in Sources */,
				100000000000000000000008 /* RootConfiguration.swift in Sources */,
			);
			runOnlyForDeploymentPostprocessing = 0;
		};
		900000000000000000000002 /* Sources */ = {
			isa = PBXSourcesBuildPhase;
			buildActionMask = 2147483647;
			files = (
				130000000000000000000004 /* LibraryStoreTests.swift in Sources */,
				130000000000000000000001 /* LibraryPresentationTests.swift in Sources */,
				120000000000000000000002 /* AmbientMixerTests.swift in Sources */,
				120000000000000000000003 /* AmbientResourceTests.swift in Sources */,
				110000000000000000000001 /* AppPathsAndOfflinePolicyTests.swift in Sources */,
				110000000000000000000004 /* CacheManagerTests.swift in Sources */,
				100000000000000000000009 /* CatalogRepositoryTests.swift in Sources */,
				110000000000000000000003 /* DownloadClientTests.swift in Sources */,
				120000000000000000000001 /* PlayerTests.swift in Sources */,
				100000000000000000000005 /* RootConfigurationTests.swift in Sources */,
				110000000000000000000002 /* UserLibraryRepositoryTests.swift in Sources */,
			);
			runOnlyForDeploymentPostprocessing = 0;
		};
		900000000000000000000003 /* Sources */ = {
			isa = PBXSourcesBuildPhase;
			buildActionMask = 2147483647;
			files = (
				100000000000000000000006 /* QrecsUITests.swift in Sources */,
			);
			runOnlyForDeploymentPostprocessing = 0;
		};
/* End PBXSourcesBuildPhase section */

/* Begin PBXTargetDependency section */
		B00000000000000000000001 /* PBXTargetDependency */ = {isa = PBXTargetDependency; target = 500000000000000000000001 /* Qrecs */; targetProxy = 300000000000000000000001 /* PBXContainerItemProxy */; };
		B00000000000000000000002 /* PBXTargetDependency */ = {isa = PBXTargetDependency; target = 500000000000000000000001 /* Qrecs */; targetProxy = 300000000000000000000002 /* PBXContainerItemProxy */; };
/* End PBXTargetDependency section */

/* Begin XCBuildConfiguration section */
		E00000000000000000000001 /* Debug */ = {
			isa = XCBuildConfiguration;
			buildSettings = {
				CLANG_ENABLE_MODULES = YES;
				CLANG_ENABLE_OBJC_ARC = YES;
				COPY_PHASE_STRIP = NO;
				DEBUG_INFORMATION_FORMAT = dwarf;
				ENABLE_TESTABILITY = YES;
				GCC_C_LANGUAGE_STANDARD = gnu17;
				GCC_OPTIMIZATION_LEVEL = 0;
				MACOSX_DEPLOYMENT_TARGET = 15.0;
				MTL_ENABLE_DEBUG_INFO = INCLUDE_SOURCE;
				ONLY_ACTIVE_ARCH = YES;
				SDKROOT = macosx;
				SWIFT_ACTIVE_COMPILATION_CONDITIONS = "DEBUG $(inherited)";
				SWIFT_OPTIMIZATION_LEVEL = "-Onone";
				SWIFT_VERSION = 6.0;
			};
			name = Debug;
		};
		E00000000000000000000002 /* Release */ = {
			isa = XCBuildConfiguration;
			buildSettings = {
				CLANG_ENABLE_MODULES = YES;
				CLANG_ENABLE_OBJC_ARC = YES;
				COPY_PHASE_STRIP = NO;
				DEBUG_INFORMATION_FORMAT = "dwarf-with-dsym";
				ENABLE_NS_ASSERTIONS = NO;
				GCC_C_LANGUAGE_STANDARD = gnu17;
				MACOSX_DEPLOYMENT_TARGET = 15.0;
				MTL_ENABLE_DEBUG_INFO = NO;
				SDKROOT = macosx;
				SWIFT_COMPILATION_MODE = wholemodule;
				SWIFT_OPTIMIZATION_LEVEL = "-O";
				SWIFT_VERSION = 6.0;
			};
			name = Release;
		};
		E00000000000000000000003 /* Debug */ = {
			isa = XCBuildConfiguration;
			buildSettings = {
				CODE_SIGN_ENTITLEMENTS = Qrecs/Qrecs.entitlements;
				CODE_SIGN_STYLE = Automatic;
				COMBINE_HIDPI_IMAGES = YES;
				CURRENT_PROJECT_VERSION = 1;
				ENABLE_APP_SANDBOX = YES;
				ENABLE_HARDENED_RUNTIME = YES;
				GENERATE_INFOPLIST_FILE = YES;
				INFOPLIST_KEY_CFBundleDisplayName = Qrecs;
				INFOPLIST_KEY_LSApplicationCategoryType = "public.app-category.productivity";
				INFOPLIST_KEY_LSMinimumSystemVersion = "$(MACOSX_DEPLOYMENT_TARGET)";
				LD_RUNPATH_SEARCH_PATHS = "$(inherited) @executable_path/../Frameworks";
				MARKETING_VERSION = 0.1.0;
				PRODUCT_BUNDLE_IDENTIFIER = com.heezya.Qrecs;
				PRODUCT_NAME = "$(TARGET_NAME)";
				SWIFT_EMIT_LOC_STRINGS = YES;
			};
			name = Debug;
		};
		E00000000000000000000004 /* Release */ = {
			isa = XCBuildConfiguration;
			buildSettings = {
				CODE_SIGN_ENTITLEMENTS = Qrecs/Qrecs.entitlements;
				CODE_SIGN_STYLE = Automatic;
				COMBINE_HIDPI_IMAGES = YES;
				CURRENT_PROJECT_VERSION = 1;
				ENABLE_APP_SANDBOX = YES;
				ENABLE_HARDENED_RUNTIME = YES;
				GENERATE_INFOPLIST_FILE = YES;
				INFOPLIST_KEY_CFBundleDisplayName = Qrecs;
				INFOPLIST_KEY_LSApplicationCategoryType = "public.app-category.productivity";
				INFOPLIST_KEY_LSMinimumSystemVersion = "$(MACOSX_DEPLOYMENT_TARGET)";
				LD_RUNPATH_SEARCH_PATHS = "$(inherited) @executable_path/../Frameworks";
				MARKETING_VERSION = 0.1.0;
				PRODUCT_BUNDLE_IDENTIFIER = com.heezya.Qrecs;
				PRODUCT_NAME = "$(TARGET_NAME)";
				SWIFT_EMIT_LOC_STRINGS = YES;
			};
			name = Release;
		};
		E00000000000000000000005 /* Debug */ = {
			isa = XCBuildConfiguration;
			buildSettings = {
				BUNDLE_LOADER = "$(TEST_HOST)";
				CODE_SIGN_STYLE = Automatic;
				GENERATE_INFOPLIST_FILE = YES;
				PRODUCT_BUNDLE_IDENTIFIER = com.heezya.QrecsTests;
				PRODUCT_NAME = "$(TARGET_NAME)";
				TEST_HOST = "$(BUILT_PRODUCTS_DIR)/Qrecs.app/Contents/MacOS/Qrecs";
			};
			name = Debug;
		};
		E00000000000000000000006 /* Release */ = {
			isa = XCBuildConfiguration;
			buildSettings = {
				BUNDLE_LOADER = "$(TEST_HOST)";
				CODE_SIGN_STYLE = Automatic;
				GENERATE_INFOPLIST_FILE = YES;
				PRODUCT_BUNDLE_IDENTIFIER = com.heezya.QrecsTests;
				PRODUCT_NAME = "$(TARGET_NAME)";
				TEST_HOST = "$(BUILT_PRODUCTS_DIR)/Qrecs.app/Contents/MacOS/Qrecs";
			};
			name = Release;
		};
		E00000000000000000000007 /* Debug */ = {
			isa = XCBuildConfiguration;
			buildSettings = {
				CODE_SIGN_STYLE = Automatic;
				GENERATE_INFOPLIST_FILE = YES;
				PRODUCT_BUNDLE_IDENTIFIER = com.heezya.QrecsUITests;
				PRODUCT_NAME = "$(TARGET_NAME)";
				TEST_TARGET_NAME = Qrecs;
			};
			name = Debug;
		};
		E00000000000000000000008 /* Release */ = {
			isa = XCBuildConfiguration;
			buildSettings = {
				CODE_SIGN_STYLE = Automatic;
				GENERATE_INFOPLIST_FILE = YES;
				PRODUCT_BUNDLE_IDENTIFIER = com.heezya.QrecsUITests;
				PRODUCT_NAME = "$(TARGET_NAME)";
				TEST_TARGET_NAME = Qrecs;
			};
			name = Release;
		};
/* End XCBuildConfiguration section */

/* Begin XCConfigurationList section */
		800000000000000000000001 /* Build configuration list for PBXProject "Qrecs" */ = {
			isa = XCConfigurationList;
			buildConfigurations = (
				E00000000000000000000001 /* Debug */,
				E00000000000000000000002 /* Release */,
			);
			defaultConfigurationIsVisible = 0;
			defaultConfigurationName = Release;
		};
		800000000000000000000002 /* Build configuration list for PBXNativeTarget "Qrecs" */ = {
			isa = XCConfigurationList;
			buildConfigurations = (
				E00000000000000000000003 /* Debug */,
				E00000000000000000000004 /* Release */,
			);
			defaultConfigurationIsVisible = 0;
			defaultConfigurationName = Release;
		};
		800000000000000000000003 /* Build configuration list for PBXNativeTarget "QrecsTests" */ = {
			isa = XCConfigurationList;
			buildConfigurations = (
				E00000000000000000000005 /* Debug */,
				E00000000000000000000006 /* Release */,
			);
			defaultConfigurationIsVisible = 0;
			defaultConfigurationName = Release;
		};
		800000000000000000000004 /* Build configuration list for PBXNativeTarget "QrecsUITests" */ = {
			isa = XCConfigurationList;
			buildConfigurations = (
				E00000000000000000000007 /* Debug */,
				E00000000000000000000008 /* Release */,
			);
			defaultConfigurationIsVisible = 0;
			defaultConfigurationName = Release;
		};
/* End XCConfigurationList section */

/* Begin XCRemoteSwiftPackageReference section */
		C00000000000000000000001 /* XCRemoteSwiftPackageReference "GRDB.swift" */ = {
			isa = XCRemoteSwiftPackageReference;
			repositoryURL = "https://github.com/groue/GRDB.swift.git";
			requirement = {
				kind = exactVersion;
				version = 7.10.0;
			};
		};
/* End XCRemoteSwiftPackageReference section */

/* Begin XCSwiftPackageProductDependency section */
		D00000000000000000000001 /* GRDB */ = {
			isa = XCSwiftPackageProductDependency;
			package = C00000000000000000000001 /* XCRemoteSwiftPackageReference "GRDB.swift" */;
			productName = GRDB;
		};
/* End XCSwiftPackageProductDependency section */
	};
	rootObject = 400000000000000000000001 /* Project object */;
}
